
Microsoft Visual Studio Solution File, Format Version 12.00
# Visual Studio Version 16
VisualStudioVersion = 16.0.31624.102
MinimumVisualStudioVersion = 10.0.40219.1
Project("{FAE04EC0-301F-11D3-BF4B-00C04F79EFBC}") = "nobeldij", "nobeldij\nobeldij.csproj", "{56D6782F-3617-4B7F-957A-CB88947E30FA}"
EndProject
Global
	GlobalSection(SolutionConfigurationPlatforms) = preSolution
		Debug|Any CPU = Debug|Any CPU
		Release|Any CPU = Release|Any CPU
	EndGlobalSection
	GlobalSection(ProjectConfigurationPlatforms) = postSolution
		{56D6782F-3617-4B7F-957A-CB88947E30FA}.Debug|Any CPU.ActiveCfg = Debug|Any CPU
		{56D6782F-3617-4B7F-957A-CB88947E30FA}.Debug|Any CPU.Build.0 = Debug|Any CPU
		{56D6782F-3617-4B7F-957A-CB88947E30FA}.Release|Any CPU.ActiveCfg = Release|Any CPU
		{56D6782F-3617-4B7F-957A-CB88947E30FA}.Release|Any CPU.Build.0 = Release|Any CPU
	EndGlobalSection
	GlobalSection(SolutionProperties) = preSolution
		HideSolutionNode = FALSE
	EndGlobalSection
	GlobalSection(ExtensibilityGlobals) = postSolution
		SolutionGuid = {644731CF-38A1-484A-A72B-17EB4DEA6D4C}
	EndGlobalSection
EndGlobal
